
Microsoft Visual Studio Solution File, Format Version 12.00
# Visual Studio Version 16
VisualStudioVersion = 16.0.29215.179
MinimumVisualStudioVersion = 10.0.40219.1
Project("{9A19103F-16F7-4668-BE54-9A1E7A4F7556}") = "OneWorldDbClient", "src\OneWorldDbClient\OneWorldDbClient.csproj", "{34325DF8-6D65-4732-A38D-D2DACB74923A}"
EndProject
Project("{2150E333-8FDC-42A3-9474-1A3956D46DE8}") = "tests", "tests", "{BD0AC644-EB94-4D1F-B9F9-4949DDD5E030}"
EndProject
Project("{2150E333-8FDC-42A3-9474-1A3956D46DE8}") = "src", "src", "{8B1A7553-8B46-4A83-92DB-82AB1D131CB1}"
EndProject
Project("{9A19103F-16F7-4668-BE54-9A1E7A4F7556}") = "OneWorldDbClient.SqlServer", "src\OneWorldDbClient.SqlServer\OneWorldDbClient.SqlServer.csproj", "{0E34201D-D329-4267-A0CF-102C6514F7FF}"
EndProject
Project("{9A19103F-16F7-4668-BE54-9A1E7A4F7556}") = "OneWorldDbClient.Tests", "src\OneWorldDbClient.Tests\OneWorldDbClient.Tests.csproj", "{415C5098-6C82-4136-AE9B-B9068F385424}"
EndProject
Project("{9A19103F-16F7-4668-BE54-9A1E7A4F7556}") = "N2UnitTestBase", "src\N2UnitTestBase\N2UnitTestBase.csproj", "{518534B3-C488-4B68-8721-41329AA3B0CE}"
EndProject
Project("{2150E333-8FDC-42A3-9474-1A3956D46DE8}") = "samples", "samples", "{A77A81F8-CA1F-4272-8888-00580DAC413E}"
EndProject
Project("{9A19103F-16F7-4668-BE54-9A1E7A4F7556}") = "OneWorldDbClient.SampleWeb", "src\OneWorldDbClient.SampleWeb\OneWorldDbClient.SampleWeb.csproj", "{CEE8ED64-5646-464D-8FC1-4634453F0F11}"
EndProject
Project("{2150E333-8FDC-42A3-9474-1A3956D46DE8}") = "Solution Items", "Solution Items", "{FBD60D32-1556-40F0-B463-C5EE57019919}"
	ProjectSection(SolutionItems) = preProject
		azure-pipelines.yml = azure-pipelines.yml
		README.md = README.md
	EndProjectSection
EndProject
Global
	GlobalSection(SolutionConfigurationPlatforms) = preSolution
		Debug|Any CPU = Debug|Any CPU
		Release|Any CPU = Release|Any CPU
	EndGlobalSection
	GlobalSection(ProjectConfigurationPlatforms) = postSolution
		{34325DF8-6D65-4732-A38D-D2DACB74923A}.Debug|Any CPU.ActiveCfg = Debug|Any CPU
		{34325DF8-6D65-4732-A38D-D2DACB74923A}.Debug|Any CPU.Build.0 = Debug|Any CPU
		{34325DF8-6D65-4732-A38D-D2DACB74923A}.Release|Any CPU.ActiveCfg = Release|Any CPU
		{34325DF8-6D65-4732-A38D-D2DACB74923A}.Release|Any CPU.Build.0 = Release|Any CPU
		{0E34201D-D329-4267-A0CF-102C6514F7FF}.Debug|Any CPU.ActiveCfg = Debug|Any CPU
		{0E34201D-D329-4267-A0CF-102C6514F7FF}.Debug|Any CPU.Build.0 = Debug|Any CPU
		{0E34201D-D329-4267-A0CF-102C6514F7FF}.Release|Any CPU.ActiveCfg = Release|Any CPU
		{0E34201D-D329-4267-A0CF-102C6514F7FF}.Release|Any CPU.Build.0 = Release|Any CPU
		{415C5098-6C82-4136-AE9B-B9068F385424}.Debug|Any CPU.ActiveCfg = Debug|Any CPU
		{415C5098-6C82-4136-AE9B-B9068F385424}.Debug|Any CPU.Build.0 = Debug|Any CPU
		{415C5098-6C82-4136-AE9B-B9068F385424}.Release|Any CPU.ActiveCfg = Release|Any CPU
		{415C5098-6C82-4136-AE9B-B9068F385424}.Release|Any CPU.Build.0 = Release|Any CPU
		{518534B3-C488-4B68-8721-41329AA3B0CE}.Debug|Any CPU.ActiveCfg = Debug|Any CPU
		{518534B3-C488-4B68-8721-41329AA3B0CE}.Debug|Any CPU.Build.0 = Debug|Any CPU
		{518534B3-C488-4B68-8721-41329AA3B0CE}.Release|Any CPU.ActiveCfg = Release|Any CPU
		{518534B3-C488-4B68-8721-41329AA3B0CE}.Release|Any CPU.Build.0 = Release|Any CPU
		{CEE8ED64-5646-464D-8FC1-4634453F0F11}.Debug|Any CPU.ActiveCfg = Debug|Any CPU
		{CEE8ED64-5646-464D-8FC1-4634453F0F11}.Debug|Any CPU.Build.0 = Debug|Any CPU
		{CEE8ED64-5646-464D-8FC1-4634453F0F11}.Release|Any CPU.ActiveCfg = Release|Any CPU
		{CEE8ED64-5646-464D-8FC1-4634453F0F11}.Release|Any CPU.Build.0 = Release|Any CPU
	EndGlobalSection
	GlobalSection(SolutionProperties) = preSolution
		HideSolutionNode = FALSE
	EndGlobalSection
	GlobalSection(NestedProjects) = preSolution
		{34325DF8-6D65-4732-A38D-D2DACB74923A} = {8B1A7553-8B46-4A83-92DB-82AB1D131CB1}
		{0E34201D-D329-4267-A0CF-102C6514F7FF} = {8B1A7553-8B46-4A83-92DB-82AB1D131CB1}
		{415C5098-6C82-4136-AE9B-B9068F385424} = {BD0AC644-EB94-4D1F-B9F9-4949DDD5E030}
		{518534B3-C488-4B68-8721-41329AA3B0CE} = {BD0AC644-EB94-4D1F-B9F9-4949DDD5E030}
		{CEE8ED64-5646-464D-8FC1-4634453F0F11} = {A77A81F8-CA1F-4272-8888-00580DAC413E}
	EndGlobalSection
	GlobalSection(ExtensibilityGlobals) = postSolution
		SolutionGuid = {020A32F8-87F1-40DC-8292-16DA6EAD4A2F}
	EndGlobalSection
EndGlobal
